// !$*UTF8*$!
{
	archiveVersion = 1;
	classes = {
	};
	objectVersion = 46;
	objects = {

/* Begin PBXBuildFile section */
		20C733811C9F93EF004C7352 /* main.m in Sources */ = {isa = PBXBuildFile; fileRef = 20C733801C9F93EF004C7352 /* main.m */; };
		20C733841C9F93EF004C7352 /* AppDelegate.m in Sources */ = {isa = PBXBuildFile; fileRef = 20C733831C9F93EF004C7352 /* AppDelegate.m */; };
		20C733871C9F93EF004C7352 /* TableViewController.m in Sources */ = {isa = PBXBuildFile; fileRef = 20C733861C9F93EF004C7352 /* TableViewController.m */; };
		20C7338A1C9F93EF004C7352 /* Main.storyboard in Resources */ = {isa = PBXBuildFile; fileRef = 20C733881C9F93EF004C7352 /* Main.storyboard */; };
		20C7338C1C9F93EF004C7352 /* Assets.xcassets in Resources */ = {isa = PBXBuildFile; fileRef = 20C7338B1C9F93EF004C7352 /* Assets.xcassets */; };
		20C7338F1C9F93EF004C7352 /* LaunchScreen.storyboard in Resources */ = {isa = PBXBuildFile; fileRef = 20C7338D1C9F93EF004C7352 /* LaunchScreen.storyboard */; };
		20C733981C9F96F7004C7352 /* CustomTableCell.m in Sources */ = {isa = PBXBuildFile; fileRef = 20C733961C9F96F7004C7352 /* CustomTableCell.m */; };
		20C7339B1C9F9904004C7352 /* App.m in Sources */ = {isa = PBXBuildFile; fileRef = 20C7339A1C9F9904004C7352 /* App.m */; };
		20C733C21C9FA4EB004C7352 /* AFHTTPSessionManager.m in Sources */ = {isa = PBXBuildFile; fileRef = 20C7339F1C9FA4EB004C7352 /* AFHTTPSessionManager.m */; };
		20C733C31C9FA4EB004C7352 /* AFNetworkReachabilityManager.m in Sources */ = {isa = PBXBuildFile; fileRef = 20C733A21C9FA4EB004C7352 /* AFNetworkReachabilityManager.m */; };
		20C733C41C9FA4EB004C7352 /* AFSecurityPolicy.m in Sources */ = {isa = PBXBuildFile; fileRef = 20C733A41C9FA4EB004C7352 /* AFSecurityPolicy.m */; };
		20C733C51C9FA4EB004C7352 /* AFURLRequestSerialization.m in Sources */ = {isa = PBXBuildFile; fileRef = 20C733A61C9FA4EB004C7352 /* AFURLRequestSerialization.m */; };
		20C733C61C9FA4EB004C7352 /* AFURLResponseSerialization.m in Sources */ = {isa = PBXBuildFile; fileRef = 20C733A81C9FA4EB004C7352 /* AFURLResponseSerialization.m */; };
		20C733C71C9FA4EB004C7352 /* AFURLSessionManager.m in Sources */ = {isa = PBXBuildFile; fileRef = 20C733AA1C9FA4EB004C7352 /* AFURLSessionManager.m */; };
		20C733C81C9FA4EB004C7352 /* UIApplication+NetworkIndicator.m in Sources */ = {isa = PBXBuildFile; fileRef = 20C733AC1C9FA4EB004C7352 /* UIApplication+NetworkIndicator.m */; };
		20C733C91C9FA4EB004C7352 /* AFAutoPurgingImageCache.m in Sources */ = {isa = PBXBuildFile; fileRef = 20C733AF1C9FA4EB004C7352 /* AFAutoPurgingImageCache.m */; };
		20C733CA1C9FA4EB004C7352 /* AFImageDownloader.m in Sources */ = {isa = PBXBuildFile; fileRef = 20C733B11C9FA4EB004C7352 /* AFImageDownloader.m */; };
		20C733CB1C9FA4EB004C7352 /* AFNetworkActivityIndicatorManager.m in Sources */ = {isa = PBXBuildFile; fileRef = 20C733B31C9FA4EB004C7352 /* AFNetworkActivityIndicatorManager.m */; };
		20C733CC1C9FA4EB004C7352 /* UIActivityIndicatorView+AFNetworking.m in Sources */ = {isa = PBXBuildFile; fileRef = 20C733B51C9FA4EB004C7352 /* UIActivityIndicatorView+AFNetworking.m */; };
		20C733CD1C9FA4EB004C7352 /* UIButton+AFNetworking.m in Sources */ = {isa = PBXBuildFile; fileRef = 20C733B71C9FA4EB004C7352 /* UIButton+AFNetworking.m */; };
		20C733CE1C9FA4EB004C7352 /* UIImageView+AFNetworking.m in Sources */ = {isa = PBXBuildFile; fileRef = 20C733BA1C9FA4EB004C7352 /* UIImageView+AFNetworking.m */; };
		20C733CF1C9FA4EB004C7352 /* UIProgressView+AFNetworking.m in Sources */ = {isa = PBXBuildFile; fileRef = 20C733BD1C9FA4EB004C7352 /* UIProgressView+AFNetworking.m */; };
		20C733D01C9FA4EB004C7352 /* UIRefreshControl+AFNetworking.m in Sources */ = {isa = PBXBuildFile; fileRef = 20C733BF1C9FA4EB004C7352 /* UIRefreshControl+AFNetworking.m */; };
		20C733D11C9FA4EB004C7352 /* UIWebView+AFNetworking.m in Sources */ = {isa = PBXBuildFile; fileRef = 20C733C11C9FA4EB004C7352 /* UIWebView+AFNetworking.m */; };
/* End PBXBuildFile section */

/* Begin PBXFileReference section */
		20C7337C1C9F93EF004C7352 /* topiosapps.app */ = {isa = PBXFileReference; explicitFileType = wrapper.application; includeInIndex = 0; path = topiosapps.app; sourceTree = BUILT_PRODUCTS_DIR; };
		20C733801C9F93EF004C7352 /* main.m */ = {isa = PBXFileReference; lastKnownFileType = sourcecode.c.objc; path = main.m; sourceTree = "<group>"; };
		20C733821C9F93EF004C7352 /* AppDelegate.h */ = {isa = PBXFileReference; lastKnownFileType = sourcecode.c.h; path = AppDelegate.h; sourceTree = "<group>"; };
		20C733831C9F93EF004C7352 /* AppDelegate.m */ = {isa = PBXFileReference; lastKnownFileType = sourcecode.c.objc; path = AppDelegate.m; sourceTree = "<group>"; };
		20C733851C9F93EF004C7352 /* TableViewController.h */ = {isa = PBXFileReference; lastKnownFileType = sourcecode.c.h; path = TableViewController.h; sourceTree = "<group>"; };
		20C733861C9F93EF004C7352 /* TableViewController.m */ = {isa = PBXFileReference; lastKnownFileType = sourcecode.c.objc; path = TableViewController.m; sourceTree = "<group>"; };
		20C733891C9F93EF004C7352 /* Base */ = {isa = PBXFileReference; lastKnownFileType = file.storyboard; name = Base; path = Base.lproj/Main.storyboard; sourceTree = "<group>"; };
		20C7338B1C9F93EF004C7352 /* Assets.xcassets */ = {isa = PBXFileReference; lastKnownFileType = folder.assetcatalog; path = Assets.xcassets; sourceTree = "<group>"; };
		20C7338E1C9F93EF004C7352 /* Base */ = {isa = PBXFileReference; lastKnownFileType = file.storyboard; name = Base; path = Base.lproj/LaunchScreen.storyboard; sourceTree = "<group>"; };
		20C733901C9F93EF004C7352 /* Info.plist */ = {isa = PBXFileReference; lastKnownFileType = text.plist.xml; path = Info.plist; sourceTree = "<group>"; };
		20C733961C9F96F7004C7352 /* CustomTableCell.m */ = {isa = PBXFileReference; fileEncoding = 4; lastKnownFileType = sourcecode.c.objc; path = CustomTableCell.m; sourceTree = "<group>"; };
		20C733971C9F96F7004C7352 /* CustomTableCell.h */ = {isa = PBXFileReference; fileEncoding = 4; lastKnownFileType = sourcecode.c.h; path = CustomTableCell.h; sourceTree = "<group>"; };
		20C733991C9F98F5004C7352 /* App.h */ = {isa = PBXFileReference; lastKnownFileType = sourcecode.c.h; path = App.h; sourceTree = "<group>"; };
		20C7339A1C9F9904004C7352 /* App.m */ = {isa = PBXFileReference; fileEncoding = 4; lastKnownFileType = sourcecode.c.objc; path = App.m; sourceTree = "<group>"; };
		20C7339E1C9FA4EB004C7352 /* AFHTTPSessionManager.h */ = {isa = PBXFileReference; fileEncoding = 4; lastKnownFileType = sourcecode.c.h; path = AFHTTPSessionManager.h; sourceTree = "<group>"; };
		20C7339F1C9FA4EB004C7352 /* AFHTTPSessionManager.m */ = {isa = PBXFileReference; fileEncoding = 4; lastKnownFileType = sourcecode.c.objc; path = AFHTTPSessionManager.m; sourceTree = "<group>"; };
		20C733A01C9FA4EB004C7352 /* AFNetworking.h */ = {isa = PBXFileReference; fileEncoding = 4; lastKnownFileType = sourcecode.c.h; path = AFNetworking.h; sourceTree = "<group>"; };
		20C733A11C9FA4EB004C7352 /* AFNetworkReachabilityManager.h */ = {isa = PBXFileReference; fileEncoding = 4; lastKnownFileType = sourcecode.c.h; path = AFNetworkReachabilityManager.h; sourceTree = "<group>"; };
		20C733A21C9FA4EB004C7352 /* AFNetworkReachabilityManager.m */ = {isa = PBXFileReference; fileEncoding = 4; lastKnownFileType = sourcecode.c.objc; path = AFNetworkReachabilityManager.m; sourceTree = "<group>"; };
		20C733A31C9FA4EB004C7352 /* AFSecurityPolicy.h */ = {isa = PBXFileReference; fileEncoding = 4; lastKnownFileType = sourcecode.c.h; path = AFSecurityPolicy.h; sourceTree = "<group>"; };
		20C733A41C9FA4EB004C7352 /* AFSecurityPolicy.m */ = {isa = PBXFileReference; fileEncoding = 4; lastKnownFileType = sourcecode.c.objc; path = AFSecurityPolicy.m; sourceTree = "<group>"; };
		20C733A51C9FA4EB004C7352 /* AFURLRequestSerialization.h */ = {isa = PBXFileReference; fileEncoding = 4; lastKnownFileType = sourcecode.c.h; path = AFURLRequestSerialization.h; sourceTree = "<group>"; };
		20C733A61C9FA4EB004C7352 /* AFURLRequestSerialization.m */ = {isa = PBXFileReference; fileEncoding = 4; lastKnownFileType = sourcecode.c.objc; path = AFURLRequestSerialization.m; sourceTree = "<group>"; };
		20C733A71C9FA4EB004C7352 /* AFURLResponseSerialization.h */ = {isa = PBXFileReference; fileEncoding = 4; lastKnownFileType = sourcecode.c.h; path = AFURLResponseSerialization.h; sourceTree = "<group>"; };
		20C733A81C9FA4EB004C7352 /* AFURLResponseSerialization.m */ = {isa = PBXFileReference; fileEncoding = 4; lastKnownFileType = sourcecode.c.objc; path = AFURLResponseSerialization.m; sourceTree = "<group>"; };
		20C733A91C9FA4EB004C7352 /* AFURLSessionManager.h */ = {isa = PBXFileReference; fileEncoding = 4; lastKnownFileType = sourcecode.c.h; path = AFURLSessionManager.h; sourceTree = "<group>"; };
		20C733AA1C9FA4EB004C7352 /* AFURLSessionManager.m */ = {isa = PBXFileReference; fileEncoding = 4; lastKnownFileType = sourcecode.c.objc; path = AFURLSessionManager.m; sourceTree = "<group>"; };
		20C733AB1C9FA4EB004C7352 /* UIApplication+NetworkIndicator.h */ = {isa = PBXFileReference; fileEncoding = 4; lastKnownFileType = sourcecode.c.h; path = "UIApplication+NetworkIndicator.h"; sourceTree = "<group>"; };
		20C733AC1C9FA4EB004C7352 /* UIApplication+NetworkIndicator.m */ = {isa = PBXFileReference; fileEncoding = 4; lastKnownFileType = sourcecode.c.objc; path = "UIApplication+NetworkIndicator.m"; sourceTree = "<group>"; };
		20C733AE1C9FA4EB004C7352 /* AFAutoPurgingImageCache.h */ = {isa = PBXFileReference; fileEncoding = 4; lastKnownFileType = sourcecode.c.h; path = AFAutoPurgingImageCache.h; sourceTree = "<group>"; };
		20C733AF1C9FA4EB004C7352 /* AFAutoPurgingImageCache.m */ = {isa = PBXFileReference; fileEncoding = 4; lastKnownFileType = sourcecode.c.objc; path = AFAutoPurgingImageCache.m; sourceTree = "<group>"; };
		20C733B01C9FA4EB004C7352 /* AFImageDownloader.h */ = {isa = PBXFileReference; fileEncoding = 4; lastKnownFileType = sourcecode.c.h; path = AFImageDownloader.h; sourceTree = "<group>"; };
		20C733B11C9FA4EB004C7352 /* AFImageDownloader.m */ = {isa = PBXFileReference; fileEncoding = 4; lastKnownFileType = sourcecode.c.objc; path = AFImageDownloader.m; sourceTree = "<group>"; };
		20C733B21C9FA4EB004C7352 /* AFNetworkActivityIndicatorManager.h */ = {isa = PBXFileReference; fileEncoding = 4; lastKnownFileType = sourcecode.c.h; path = AFNetworkActivityIndicatorManager.h; sourceTree = "<group>"; };
		20C733B31C9FA4EB004C7352 /* AFNetworkActivityIndicatorManager.m */ = {isa = PBXFileReference; fileEncoding = 4; lastKnownFileType = sourcecode.c.objc; path = AFNetworkActivityIndicatorManager.m; sourceTree = "<group>"; };
		20C733B41C9FA4EB004C7352 /* UIActivityIndicatorView+AFNetworking.h */ = {isa = PBXFileReference; fileEncoding = 4; lastKnownFileType = sourcecode.c.h; path = "UIActivityIndicatorView+AFNetworking.h"; sourceTree = "<group>"; };
		20C733B51C9FA4EB004C7352 /* UIActivityIndicatorView+AFNetworking.m */ = {isa = PBXFileReference; fileEncoding = 4; lastKnownFileType = sourcecode.c.objc; path = "UIActivityIndicatorView+AFNetworking.m"; sourceTree = "<group>"; };
		20C733B61C9FA4EB004C7352 /* UIButton+AFNetworking.h */ = {isa = PBXFileReference; fileEncoding = 4; lastKnownFileType = sourcecode.c.h; path = "UIButton+AFNetworking.h"; sourceTree = "<group>"; };
		20C733B71C9FA4EB004C7352 /* UIButton+AFNetworking.m */ = {isa = PBXFileReference; fileEncoding = 4; lastKnownFileType = sourcecode.c.objc; path = "UIButton+AFNetworking.m"; sourceTree = "<group>"; };
		20C733B81C9FA4EB004C7352 /* UIImage+AFNetworking.h */ = {isa = PBXFileReference; fileEncoding = 4; lastKnownFileType = sourcecode.c.h; path = "UIImage+AFNetworking.h"; sourceTree = "<group>"; };
		20C733B91C9FA4EB004C7352 /* UIImageView+AFNetworking.h */ = {isa = PBXFileReference; fileEncoding = 4; lastKnownFileType = sourcecode.c.h; path = "UIImageView+AFNetworking.h"; sourceTree = "<group>"; };
		20C733BA1C9FA4EB004C7352 /* UIImageView+AFNetworking.m */ = {isa = PBXFileReference; fileEncoding = 4; lastKnownFileType = sourcecode.c.objc; path = "UIImageView+AFNetworking.m"; sourceTree = "<group>"; };
		20C733BB1C9FA4EB004C7352 /* UIKit+AFNetworking.h */ = {isa = PBXFileReference; fileEncoding = 4; lastKnownFileType = sourcecode.c.h; path = "UIKit+AFNetworking.h"; sourceTree = "<group>"; };
		20C733BC1C9FA4EB004C7352 /* UIProgressView+AFNetworking.h */ = {isa = PBXFileReference; fileEncoding = 4; lastKnownFileType = sourcecode.c.h; path = "UIProgressView+AFNetworking.h"; sourceTree = "<group>"; };
		20C733BD1C9FA4EB004C7352 /* UIProgressView+AFNetworking.m */ = {isa = PBXFileReference; fileEncoding = 4; lastKnownFileType = sourcecode.c.objc; path = "UIProgressView+AFNetworking.m"; sourceTree = "<group>"; };
		20C733BE1C9FA4EB004C7352 /* UIRefreshControl+AFNetworking.h */ = {isa = PBXFileReference; fileEncoding = 4; lastKnownFileType = sourcecode.c.h; path = "UIRefreshControl+AFNetworking.h"; sourceTree = "<group>"; };
		20C733BF1C9FA4EB004C7352 /* UIRefreshControl+AFNetworking.m */ = {isa = PBXFileReference; fileEncoding = 4; lastKnownFileType = sourcecode.c.objc; path = "UIRefreshControl+AFNetworking.m"; sourceTree = "<group>"; };
		20C733C01C9FA4EB004C7352 /* UIWebView+AFNetworking.h */ = {isa = PBXFileReference; fileEncoding = 4; lastKnownFileType = sourcecode.c.h; path = "UIWebView+AFNetworking.h"; sourceTree = "<group>"; };
		20C733C11C9FA4EB004C7352 /* UIWebView+AFNetworking.m */ = {isa = PBXFileReference; fileEncoding = 4; lastKnownFileType = sourcecode.c.objc; path = "UIWebView+AFNetworking.m"; sourceTree = "<group>"; };
/* End PBXFileReference section */

/* Begin PBXFrameworksBuildPhase section */
		20C733791C9F93EF004C7352 /* Frameworks */ = {
			isa = PBXFrameworksBuildPhase;
			buildActionMask = 2147483647;
			files = (
			);
			runOnlyForDeploymentPostprocessing = 0;
		};
/* End PBXFrameworksBuildPhase section */

/* Begin PBXGroup section */
		20C733731C9F93EF004C7352 = {
			isa = PBXGroup;
			children = (
				20C7337E1C9F93EF004C7352 /* topiosapps */,
				20C7337D1C9F93EF004C7352 /* Products */,
			);
			sourceTree = "<group>";
		};
		20C7337D1C9F93EF004C7352 /* Products */ = {
			isa = PBXGroup;
			children = (
				20C7337C1C9F93EF004C7352 /* topiosapps.app */,
			);
			name = Products;
			sourceTree = "<group>";
		};
		20C7337E1C9F93EF004C7352 /* topiosapps */ = {
			isa = PBXGroup;
			children = (
				20C7339C1C9FA4EB004C7352 /* AFNetworking */,
				20C733961C9F96F7004C7352 /* CustomTableCell.m */,
				20C733971C9F96F7004C7352 /* CustomTableCell.h */,
				20C733821C9F93EF004C7352 /* AppDelegate.h */,
				20C733831C9F93EF004C7352 /* AppDelegate.m */,
				20C733851C9F93EF004C7352 /* TableViewController.h */,
				20C733861C9F93EF004C7352 /* TableViewController.m */,
				20C733881C9F93EF004C7352 /* Main.storyboard */,
				20C7338B1C9F93EF004C7352 /* Assets.xcassets */,
				20C7338D1C9F93EF004C7352 /* LaunchScreen.storyboard */,
				20C733901C9F93EF004C7352 /* Info.plist */,
				20C7337F1C9F93EF004C7352 /* Supporting Files */,
				20C733991C9F98F5004C7352 /* App.h */,
				20C7339A1C9F9904004C7352 /* App.m */,
			);
			path = topiosapps;
			sourceTree = "<group>";
		};
		20C7337F1C9F93EF004C7352 /* Supporting Files */ = {
			isa = PBXGroup;
			children = (
				20C733801C9F93EF004C7352 /* main.m */,
			);
			name = "Supporting Files";
			sourceTree = "<group>";
		};
		20C7339C1C9FA4EB004C7352 /* AFNetworking */ = {
			isa = PBXGroup;
			children = (
				20C7339D1C9FA4EB004C7352 /* AFNetworking */,
				20C733AB1C9FA4EB004C7352 /* UIApplication+NetworkIndicator.h */,
				20C733AC1C9FA4EB004C7352 /* UIApplication+NetworkIndicator.m */,
				20C733AD1C9FA4EB004C7352 /* UIKit+AFNetworking */,
			);
			path = AFNetworking;
			sourceTree = "<group>";
		};
		20C7339D1C9FA4EB004C7352 /* AFNetworking */ = {
			isa = PBXGroup;
			children = (
				20C7339E1C9FA4EB004C7352 /* AFHTTPSessionManager.h */,
				20C7339F1C9FA4EB004C7352 /* AFHTTPSessionManager.m */,
				20C733A01C9FA4EB004C7352 /* AFNetworking.h */,
				20C733A11C9FA4EB004C7352 /* AFNetworkReachabilityManager.h */,
				20C733A21C9FA4EB004C7352 /* AFNetworkReachabilityManager.m */,
				20C733A31C9FA4EB004C7352 /* AFSecurityPolicy.h */,
				20C733A41C9FA4EB004C7352 /* AFSecurityPolicy.m */,
				20C733A51C9FA4EB004C7352 /* AFURLRequestSerialization.h */,
				20C733A61C9FA4EB004C7352 /* AFURLRequestSerialization.m */,
				20C733A71C9FA4EB004C7352 /* AFURLResponseSerialization.h */,
				20C733A81C9FA4EB004C7352 /* AFURLResponseSerialization.m */,
				20C733A91C9FA4EB004C7352 /* AFURLSessionManager.h */,
				20C733AA1C9FA4EB004C7352 /* AFURLSessionManager.m */,
			);
			path = AFNetworking;
			sourceTree = "<group>";
		};
		20C733AD1C9FA4EB004C7352 /* UIKit+AFNetworking */ = {
			isa = PBXGroup;
			children = (
				20C733AE1C9FA4EB004C7352 /* AFAutoPurgingImageCache.h */,
				20C733AF1C9FA4EB004C7352 /* AFAutoPurgingImageCache.m */,
				20C733B01C9FA4EB004C7352 /* AFImageDownloader.h */,
				20C733B11C9FA4EB004C7352 /* AFImageDownloader.m */,
				20C733B21C9FA4EB004C7352 /* AFNetworkActivityIndicatorManager.h */,
				20C733B31C9FA4EB004C7352 /* AFNetworkActivityIndicatorManager.m */,
				20C733B41C9FA4EB004C7352 /* UIActivityIndicatorView+AFNetworking.h */,
				20C733B51C9FA4EB004C7352 /* UIActivityIndicatorView+AFNetworking.m */,
				20C733B61C9FA4EB004C7352 /* UIButton+AFNetworking.h */,
				20C733B71C9FA4EB004C7352 /* UIButton+AFNetworking.m */,
				20C733B81C9FA4EB004C7352 /* UIImage+AFNetworking.h */,
				20C733B91C9FA4EB004C7352 /* UIImageView+AFNetworking.h */,
				20C733BA1C9FA4EB004C7352 /* UIImageView+AFNetworking.m */,
				20C733BB1C9FA4EB004C7352 /* UIKit+AFNetworking.h */,
				20C733BC1C9FA4EB004C7352 /* UIProgressView+AFNetworking.h */,
				20C733BD1C9FA4EB004C7352 /* UIProgressView+AFNetworking.m */,
				20C733BE1C9FA4EB004C7352 /* UIRefreshControl+AFNetworking.h */,
				20C733BF1C9FA4EB004C7352 /* UIRefreshControl+AFNetworking.m */,
				20C733C01C9FA4EB004C7352 /* UIWebView+AFNetworking.h */,
				20C733C11C9FA4EB004C7352 /* UIWebView+AFNetworking.m */,
			);
			path = "UIKit+AFNetworking";
			sourceTree = "<group>";
		};
/* End PBXGroup section */

/* Begin PBXNativeTarget section */
		20C7337B1C9F93EF004C7352 /* topiosapps */ = {
			isa = PBXNativeTarget;
			buildConfigurationList = 20C733931C9F93EF004C7352 /* Build configuration list for PBXNativeTarget "topiosapps" */;
			buildPhases = (
				20C733781C9F93EF004C7352 /* Sources */,
				20C733791C9F93EF004C7352 /* Frameworks */,
				20C7337A1C9F93EF004C7352 /* Resources */,
			);
			buildRules = (
			);
			dependencies = (
			);
			name = topiosapps;
			productName = topiosapps;
			productReference = 20C7337C1C9F93EF004C7352 /* topiosapps.app */;
			productType = "com.apple.product-type.application";
		};
/* End PBXNativeTarget section */

/* Begin PBXProject section */
		20C733741C9F93EF004C7352 /* Project object */ = {
			isa = PBXProject;
			attributes = {
				LastUpgradeCheck = 0720;
				ORGANIZATIONNAME = "Mickey Raj";
				TargetAttributes = {
					20C7337B1C9F93EF004C7352 = {
						CreatedOnToolsVersion = 7.2.1;
					};
				};
			};
			buildConfigurationList = 20C733771C9F93EF004C7352 /* Build configuration list for PBXProject "topiosapps" */;
			compatibilityVersion = "Xcode 3.2";
			developmentRegion = English;
			hasScannedForEncodings = 0;
			knownRegions = (
				en,
				Base,
			);
			mainGroup = 20C733731C9F93EF004C7352;
			productRefGroup = 20C7337D1C9F93EF004C7352 /* Products */;
			projectDirPath = "";
			projectRoot = "";
			targets = (
				20C7337B1C9F93EF004C7352 /* topiosapps */,
			);
		};
/* End PBXProject section */

/* Begin PBXResourcesBuildPhase section */
		20C7337A1C9F93EF004C7352 /* Resources */ = {
			isa = PBXResourcesBuildPhase;
			buildActionMask = 2147483647;
			files = (
				20C7338F1C9F93EF004C7352 /* LaunchScreen.storyboard in Resources */,
				20C7338C1C9F93EF004C7352 /* Assets.xcassets in Resources */,
				20C7338A1C9F93EF004C7352 /* Main.storyboard in Resources */,
			);
			runOnlyForDeploymentPostprocessing = 0;
		};
/* End PBXResourcesBuildPhase section */

/* Begin PBXSourcesBuildPhase section */
		20C733781C9F93EF004C7352 /* Sources */ = {
			isa = PBXSourcesBuildPhase;
			buildActionMask = 2147483647;
			files = (
				20C733CF1C9FA4EB004C7352 /* UIProgressView+AFNetworking.m in Sources */,
				20C733CD1C9FA4EB004C7352 /* UIButton+AFNetworking.m in Sources */,
				20C733D01C9FA4EB004C7352 /* UIRefreshControl+AFNetworking.m in Sources */,
				20C733C51C9FA4EB004C7352 /* AFURLRequestSerialization.m in Sources */,
				20C733871C9F93EF004C7352 /* TableViewController.m in Sources */,
				20C733C81C9FA4EB004C7352 /* UIApplication+NetworkIndicator.m in Sources */,
				20C7339B1C9F9904004C7352 /* App.m in Sources */,
				20C733841C9F93EF004C7352 /* AppDelegate.m in Sources */,
				20C733C71C9FA4EB004C7352 /* AFURLSessionManager.m in Sources */,
				20C733CE1C9FA4EB004C7352 /* UIImageView+AFNetworking.m in Sources */,
				20C733C61C9FA4EB004C7352 /* AFURLResponseSerialization.m in Sources */,
				20C733C31C9FA4EB004C7352 /* AFNetworkReachabilityManager.m in Sources */,
				20C733C91C9FA4EB004C7352 /* AFAutoPurgingImageCache.m in Sources */,
				20C733C41C9FA4EB004C7352 /* AFSecurityPolicy.m in Sources */,
				20C733C21C9FA4EB004C7352 /* AFHTTPSessionManager.m in Sources */,
				20C733CA1C9FA4EB004C7352 /* AFImageDownloader.m in Sources */,
				20C733811C9F93EF004C7352 /* main.m in Sources */,
				20C733D11C9FA4EB004C7352 /* UIWebView+AFNetworking.m in Sources */,
				20C733981C9F96F7004C7352 /* CustomTableCell.m in Sources */,
				20C733CC1C9FA4EB004C7352 /* UIActivityIndicatorView+AFNetworking.m in Sources */,
				20C733CB1C9FA4EB004C7352 /* AFNetworkActivityIndicatorManager.m in Sources */,
			);
			runOnlyForDeploymentPostprocessing = 0;
		};
/* End PBXSourcesBuildPhase section */

/* Begin PBXVariantGroup section */
		20C733881C9F93EF004C7352 /* Main.storyboard */ = {
			isa = PBXVariantGroup;
			children = (
				20C733891C9F93EF004C7352 /* Base */,
			);
			name = Main.storyboard;
			sourceTree = "<group>";
		};
		20C7338D1C9F93EF004C7352 /* LaunchScreen.storyboard */ = {
			isa = PBXVariantGroup;
			children = (
				20C7338E1C9F93EF004C7352 /* Base */,
			);
			name = LaunchScreen.storyboard;
			sourceTree = "<group>";
		};
/* End PBXVariantGroup section */

/* Begin XCBuildConfiguration section */
		20C733911C9F93EF004C7352 /* Debug */ = {
			isa = XCBuildConfiguration;
			buildSettings = {
				ALWAYS_SEARCH_USER_PATHS = NO;
				CLANG_CXX_LANGUAGE_STANDARD = "gnu++0x";
				CLANG_CXX_LIBRARY = "libc++";
				CLANG_ENABLE_MODULES = YES;
				CLANG_ENABLE_OBJC_ARC = YES;
				CLANG_WARN_BOOL_CONVERSION = YES;
				CLANG_WARN_CONSTANT_CONVERSION = YES;
				CLANG_WARN_DIRECT_OBJC_ISA_USAGE = YES_ERROR;
				CLANG_WARN_EMPTY_BODY = YES;
				CLANG_WARN_ENUM_CONVERSION = YES;
				CLANG_WARN_INT_CONVERSION = YES;
				CLANG_WARN_OBJC_ROOT_CLASS = YES_ERROR;
				CLANG_WARN_UNREACHABLE_CODE = YES;
				CLANG_WARN__DUPLICATE_METHOD_MATCH = YES;
				"CODE_SIGN_IDENTITY[sdk=iphoneos*]" = "iPhone Developer";
				COPY_PHASE_STRIP = NO;
				DEBUG_INFORMATION_FORMAT = dwarf;
				ENABLE_STRICT_OBJC_MSGSEND = YES;
				ENABLE_TESTABILITY = YES;
				GCC_C_LANGUAGE_STANDARD = gnu99;
				GCC_DYNAMIC_NO_PIC = NO;
				GCC_NO_COMMON_BLOCKS = YES;
				GCC_OPTIMIZATION_LEVEL = 0;
				GCC_PREPROCESSOR_DEFINITIONS = (
					"DEBUG=1",
					"$(inherited)",
				);
				GCC_WARN_64_TO_32_BIT_CONVERSION = YES;
				GCC_WARN_ABOUT_RETURN_TYPE = YES_ERROR;
				GCC_WARN_UNDECLARED_SELECTOR = YES;
				GCC_WARN_UNINITIALIZED_AUTOS = YES_AGGRESSIVE;
				GCC_WARN_UNUSED_FUNCTION = YES;
				GCC_WARN_UNUSED_VARIABLE = YES;
				IPHONEOS_DEPLOYMENT_TARGET = 9.2;
				MTL_ENABLE_DEBUG_INFO = YES;
				ONLY_ACTIVE_ARCH = YES;
				SDKROOT = iphoneos;
				TARGETED_DEVICE_FAMILY = "1,2";
			};
			name = Debug;
		};
		20C733921C9F93EF004C7352 /* Release */ = {
			isa = XCBuildConfiguration;
			buildSettings = {
				ALWAYS_SEARCH_USER_PATHS = NO;
				CLANG_CXX_LANGUAGE_STANDARD = "gnu++0x";
				CLANG_CXX_LIBRARY = "libc++";
				CLANG_ENABLE_MODULES = YES;
				CLANG_ENABLE_OBJC_ARC = YES;
				CLANG_WARN_BOOL_CONVERSION = YES;
				CLANG_WARN_CONSTANT_CONVERSION = YES;
				CLANG_WARN_DIRECT_OBJC_ISA_USAGE = YES_ERROR;
				CLANG_WARN_EMPTY_BODY = YES;
				CLANG_WARN_ENUM_CONVERSION = YES;
				CLANG_WARN_INT_CONVERSION = YES;
				CLANG_WARN_OBJC_ROOT_CLASS = YES_ERROR;
				CLANG_WARN_UNREACHABLE_CODE = YES;
				CLANG_WARN__DUPLICATE_METHOD_MATCH = YES;
				"CODE_SIGN_IDENTITY[sdk=iphoneos*]" = "iPhone Developer";
				COPY_PHASE_STRIP = NO;
				DEBUG_INFORMATION_FORMAT = "dwarf-with-dsym";
				ENABLE_NS_ASSERTIONS = NO;
				ENABLE_STRICT_OBJC_MSGSEND = YES;
				GCC_C_LANGUAGE_STANDARD = gnu99;
				GCC_NO_COMMON_BLOCKS = YES;
				GCC_WARN_64_TO_32_BIT_CONVERSION = YES;
				GCC_WARN_ABOUT_RETURN_TYPE = YES_ERROR;
				GCC_WARN_UNDECLARED_SELECTOR = YES;
				GCC_WARN_UNINITIALIZED_AUTOS = YES_AGGRESSIVE;
				GCC_WARN_UNUSED_FUNCTION = YES;
				GCC_WARN_UNUSED_VARIABLE = YES;
				IPHONEOS_DEPLOYMENT_TARGET = 9.2;
				MTL_ENABLE_DEBUG_INFO = NO;
				SDKROOT = iphoneos;
				TARGETED_DEVICE_FAMILY = "1,2";
				VALIDATE_PRODUCT = YES;
			};
			name = Release;
		};
		20C733941C9F93EF004C7352 /* Debug */ = {
			isa = XCBuildConfiguration;
			buildSettings = {
				ASSETCATALOG_COMPILER_APPICON_NAME = AppIcon;
				INFOPLIST_FILE = topiosapps/Info.plist;
				LD_RUNPATH_SEARCH_PATHS = "$(inherited) @executable_path/Frameworks";
				PRODUCT_BUNDLE_IDENTIFIER = com.mickeyraj.topiosapps;
				PRODUCT_NAME = "$(TARGET_NAME)";
			};
			name = Debug;
		};
		20C733951C9F93EF004C7352 /* Release */ = {
			isa = XCBuildConfiguration;
			buildSettings = {
				ASSETCATALOG_COMPILER_APPICON_NAME = AppIcon;
				INFOPLIST_FILE = topiosapps/Info.plist;
				LD_RUNPATH_SEARCH_PATHS = "$(inherited) @executable_path/Frameworks";
				PRODUCT_BUNDLE_IDENTIFIER = com.mickeyraj.topiosapps;
				PRODUCT_NAME = "$(TARGET_NAME)";
			};
			name = Release;
		};
/* End XCBuildConfiguration section */

/* Begin XCConfigurationList section */
		20C733771C9F93EF004C7352 /* Build configuration list for PBXProject "topiosapps" */ = {
			isa = XCConfigurationList;
			buildConfigurations = (
				20C733911C9F93EF004C7352 /* Debug */,
				20C733921C9F93EF004C7352 /* Release */,
			);
			defaultConfigurationIsVisible = 0;
			defaultConfigurationName = Release;
		};
		20C733931C9F93EF004C7352 /* Build configuration list for PBXNativeTarget "topiosapps" */ = {
			isa = XCConfigurationList;
			buildConfigurations = (
				20C733941C9F93EF004C7352 /* Debug */,
				20C733951C9F93EF004C7352 /* Release */,
			);
			defaultConfigurationIsVisible = 0;
			defaultConfigurationName = Release;
		};
/* End XCConfigurationList section */
	};
	rootObject = 20C733741C9F93EF004C7352 /* Project object */;
}
